
Microsoft Visual Studio Solution File, Format Version 12.00
# Visual Studio 15
VisualStudioVersion = 15.0.27428.2037
MinimumVisualStudioVersion = 10.0.40219.1
Project("{FAE04EC0-301F-11D3-BF4B-00C04F79EFBC}") = "DraxManUC001", "DraxManUC001\DraxManUC001.csproj", "{A7A79464-4B2F-4266-905C-9C585738352B}"
EndProject
Project("{FAE04EC0-301F-11D3-BF4B-00C04F79EFBC}") = "DraxManUC001.Tests", "DraxManUC001.Tests\DraxManUC001.Tests.csproj", "{090E38F3-AD84-4917-A582-8A15EC8C9262}"
EndProject
Project("{2150E333-8FDC-42A3-9474-1A3956D46DE8}") = "Solution Items", "Solution Items", "{598F19F8-6075-4165-9959-7393BAAC6A2E}"
	ProjectSection(SolutionItems) = preProject
		..\..\..\Downloads\DatabaseRichieste.sql = ..\..\..\Downloads\DatabaseRichieste.sql
		..\..\..\Downloads\InsertProdotti.sql = ..\..\..\Downloads\InsertProdotti.sql
	EndProjectSection
EndProject
Global
	GlobalSection(SolutionConfigurationPlatforms) = preSolution
		Debug|Any CPU = Debug|Any CPU
		Release|Any CPU = Release|Any CPU
	EndGlobalSection
	GlobalSection(ProjectConfigurationPlatforms) = postSolution
		{A7A79464-4B2F-4266-905C-9C585738352B}.Debug|Any CPU.ActiveCfg = Debug|Any CPU
		{A7A79464-4B2F-4266-905C-9C585738352B}.Debug|Any CPU.Build.0 = Debug|Any CPU
		{A7A79464-4B2F-4266-905C-9C585738352B}.Release|Any CPU.ActiveCfg = Release|Any CPU
		{A7A79464-4B2F-4266-905C-9C585738352B}.Release|Any CPU.Build.0 = Release|Any CPU
		{090E38F3-AD84-4917-A582-8A15EC8C9262}.Debug|Any CPU.ActiveCfg = Debug|Any CPU
		{090E38F3-AD84-4917-A582-8A15EC8C9262}.Debug|Any CPU.Build.0 = Debug|Any CPU
		{090E38F3-AD84-4917-A582-8A15EC8C9262}.Release|Any CPU.ActiveCfg = Release|Any CPU
		{090E38F3-AD84-4917-A582-8A15EC8C9262}.Release|Any CPU.Build.0 = Release|Any CPU
	EndGlobalSection
	GlobalSection(SolutionProperties) = preSolution
		HideSolutionNode = FALSE
	EndGlobalSection
	GlobalSection(ExtensibilityGlobals) = postSolution
		SolutionGuid = {633606F2-E42F-43EF-86CA-619A24CCDA2B}
	EndGlobalSection
EndGlobal
